
Microsoft Visual Studio Solution File, Format Version 12.00
# Visual Studio 15
VisualStudioVersion = 15.0.27703.2047
MinimumVisualStudioVersion = 10.0.40219.1
Project("{FAE04EC0-301F-11D3-BF4B-00C04F79EFBC}") = "ConsoleApp2", "ConsoleApp2\ConsoleApp2.csproj", "{D15B9A1F-A82F-447D-97E4-4178AE95AA89}"
EndProject
Global
	GlobalSection(SolutionConfigurationPlatforms) = preSolution
		Debug|Any CPU = Debug|Any CPU
		Release|Any CPU = Release|Any CPU
	EndGlobalSection
	GlobalSection(ProjectConfigurationPlatforms) = postSolution
		{D15B9A1F-A82F-447D-97E4-4178AE95AA89}.Debug|Any CPU.ActiveCfg = Debug|Any CPU
		{D15B9A1F-A82F-447D-97E4-4178AE95AA89}.Debug|Any CPU.Build.0 = Debug|Any CPU
		{D15B9A1F-A82F-447D-97E4-4178AE95AA89}.Release|Any CPU.ActiveCfg = Release|Any CPU
		{D15B9A1F-A82F-447D-97E4-4178AE95AA89}.Release|Any CPU.Build.0 = Release|Any CPU
	EndGlobalSection
	GlobalSection(SolutionProperties) = preSolution
		HideSolutionNode = FALSE
	EndGlobalSection
	GlobalSection(ExtensibilityGlobals) = postSolution
		SolutionGuid = {3AF0B63B-B1C8-4794-9085-E29B108B6C7B}
	EndGlobalSection
EndGlobal
